
Microsoft Visual Studio Solution File, Format Version 12.00
# Visual Studio Version 17
VisualStudioVersion = 17.14.36930.0
MinimumVisualStudioVersion = 10.0.40219.1
Project("{FAE04EC0-301F-11D3-BF4B-00C04F79EFBC}") = "RudeShaderMiddleman.Common", "RudeShaderMiddleman.Common\RudeShaderMiddleman.Common.csproj", "{66A2433A-4A82-4B46-BD2C-B64FE08C7CCB}"
EndProject
Project("{FAE04EC0-301F-11D3-BF4B-00C04F79EFBC}") = "RudeShaderMiddleman.DotnetCore", "RudeShaderMiddleman.DotnetCore\RudeShaderMiddleman.DotnetCore.csproj", "{BEDB028F-E7EE-4E5B-A1DC-090AB58800FB}"
EndProject
Global
	GlobalSection(SolutionConfigurationPlatforms) = preSolution
		Debug|Any CPU = Debug|Any CPU
		Release|Any CPU = Release|Any CPU
	EndGlobalSection
	GlobalSection(ProjectConfigurationPlatforms) = postSolution
		{66A2433A-4A82-4B46-BD2C-B64FE08C7CCB}.Debug|Any CPU.ActiveCfg = Debug|Any CPU
		{66A2433A-4A82-4B46-BD2C-B64FE08C7CCB}.Debug|Any CPU.Build.0 = Debug|Any CPU
		{66A2433A-4A82-4B46-BD2C-B64FE08C7CCB}.Release|Any CPU.ActiveCfg = Release|Any CPU
		{66A2433A-4A82-4B46-BD2C-B64FE08C7CCB}.Release|Any CPU.Build.0 = Release|Any CPU
		{BEDB028F-E7EE-4E5B-A1DC-090AB58800FB}.Debug|Any CPU.ActiveCfg = Debug|Any CPU
		{BEDB028F-E7EE-4E5B-A1DC-090AB58800FB}.Debug|Any CPU.Build.0 = Debug|Any CPU
		{BEDB028F-E7EE-4E5B-A1DC-090AB58800FB}.Release|Any CPU.ActiveCfg = Release|Any CPU
		{BEDB028F-E7EE-4E5B-A1DC-090AB58800FB}.Release|Any CPU.Build.0 = Release|Any CPU
	EndGlobalSection
	GlobalSection(SolutionProperties) = preSolution
		HideSolutionNode = FALSE
	EndGlobalSection
	GlobalSection(ExtensibilityGlobals) = postSolution
		SolutionGuid = {DEDC0E04-DE2A-4B3F-85B2-01EE9A2BFE5B}
	EndGlobalSection
EndGlobal
